PODS:
  - ActionSheetPicker-3.0 (2.4.0)
  - Highlightr (2.1.0)

DEPENDENCIES:
  - ActionSheetPicker-3.0
  - Highlightr

SPEC REPOS:
  https://github.com/CocoaPods/Specs.git:
    - ActionSheetPicker-3.0
    - Highlightr

SPEC CHECKSUMS:
  ActionSheetPicker-3.0: c68e1f8355828b4e1c823fa87185aacfef5e6fe3
  Highlightr: 595f3e100737c8de41113385da8bd0b5b65212c6

PODFILE CHECKSUM: 20c94669ac845b2c5c9990b99c1e9e4aa27416de

COCOAPODS: 1.8.4
