PODS:
  - ActionSheetPicker-3.0 (2.4.0)
  - Highlightr (2.1.0)

DEPENDENCIES:
  - ActionSheetPicker-3.0
  - Highlightr

SPEC REPOS:
  https://github.com/CocoaPods/Specs.git:
    - ActionSheetPicker-3.0
    - Highlightr

SPEC CHECKSUMS:
  ActionSheetPicker-3.0: c68e1f8355828b4e1c823fa87185aacfef5e6fe3
  Highlightr: 595f3e100737c8de41113385da8bd0b5b65212c6

PODFILE CHECKSUM: c18eb3b546abaa1d70d172a1b3bd21b2126e3675

COCOAPODS: 1.9.3
